
Microsoft Visual Studio Solution File, Format Version 12.00
# Visual Studio Version 17
VisualStudioVersion = 17.5.33402.96
MinimumVisualStudioVersion = 10.0.40219.1
Project("{FAE04EC0-301F-11D3-BF4B-00C04F79EFBC}") = "Agency", "Agency\Agency.csproj", "{A6F4C5A2-A24E-426F-AC15-9A8CA837122E}"
EndProject
Global
	GlobalSection(SolutionConfigurationPlatforms) = preSolution
		Debug|Any CPU = Debug|Any CPU
		Release|Any CPU = Release|Any CPU
	EndGlobalSection
	GlobalSection(ProjectConfigurationPlatforms) = postSolution
		{A6F4C5A2-A24E-426F-AC15-9A8CA837122E}.Debug|Any CPU.ActiveCfg = Debug|Any CPU
		{A6F4C5A2-A24E-426F-AC15-9A8CA837122E}.Debug|Any CPU.Build.0 = Debug|Any CPU
		{A6F4C5A2-A24E-426F-AC15-9A8CA837122E}.Release|Any CPU.ActiveCfg = Release|Any CPU
		{A6F4C5A2-A24E-426F-AC15-9A8CA837122E}.Release|Any CPU.Build.0 = Release|Any CPU
	EndGlobalSection
	GlobalSection(SolutionProperties) = preSolution
		HideSolutionNode = FALSE
	EndGlobalSection
	GlobalSection(ExtensibilityGlobals) = postSolution
		SolutionGuid = {70BC49F3-F6E0-4A92-B30D-03E16C9F7636}
	EndGlobalSection
EndGlobal
